
Microsoft Visual Studio Solution File, Format Version 12.00
# Visual Studio Version 16
VisualStudioVersion = 16.0.30309.148
MinimumVisualStudioVersion = 10.0.40219.1
Project("{FAE04EC0-301F-11D3-BF4B-00C04F79EFBC}") = "BACS3403-Project", "BACS3403-Project.csproj", "{0EEEF7FC-64D8-47EE-A781-0DE02F204EF2}"
EndProject
Global
	GlobalSection(SolutionConfigurationPlatforms) = preSolution
		Debug|Any CPU = Debug|Any CPU
		Release|Any CPU = Release|Any CPU
	EndGlobalSection
	GlobalSection(ProjectConfigurationPlatforms) = postSolution
		{0EEEF7FC-64D8-47EE-A781-0DE02F204EF2}.Debug|Any CPU.ActiveCfg = Debug|Any CPU
		{0EEEF7FC-64D8-47EE-A781-0DE02F204EF2}.Debug|Any CPU.Build.0 = Debug|Any CPU
		{0EEEF7FC-64D8-47EE-A781-0DE02F204EF2}.Release|Any CPU.ActiveCfg = Release|Any CPU
		{0EEEF7FC-64D8-47EE-A781-0DE02F204EF2}.Release|Any CPU.Build.0 = Release|Any CPU
	EndGlobalSection
	GlobalSection(SolutionProperties) = preSolution
		HideSolutionNode = FALSE
	EndGlobalSection
	GlobalSection(ExtensibilityGlobals) = postSolution
		SolutionGuid = {D3439773-C3FD-4564-B2B8-5F1340C59169}
	EndGlobalSection
EndGlobal
